
Microsoft Visual Studio Solution File, Format Version 12.00
# Visual Studio 15
VisualStudioVersion = 15.0.27428.2011
MinimumVisualStudioVersion = 10.0.40219.1
Project("{FAE04EC0-301F-11D3-BF4B-00C04F79EFBC}") = "9GAGApp", "9GAGApp\9GAGApp.csproj", "{683A334A-9819-42CC-884D-1845F4274B3E}"
EndProject
Project("{FAE04EC0-301F-11D3-BF4B-00C04F79EFBC}") = "ClassLibrary1", "ClassLibrary1\ClassLibrary1.csproj", "{E9D2F401-8839-4965-9E6D-AC28E844183F}"
EndProject
Global
	GlobalSection(SolutionConfigurationPlatforms) = preSolution
		Debug|Any CPU = Debug|Any CPU
		Release|Any CPU = Release|Any CPU
	EndGlobalSection
	GlobalSection(ProjectConfigurationPlatforms) = postSolution
		{683A334A-9819-42CC-884D-1845F4274B3E}.Debug|Any CPU.ActiveCfg = Debug|Any CPU
		{683A334A-9819-42CC-884D-1845F4274B3E}.Debug|Any CPU.Build.0 = Debug|Any CPU
		{683A334A-9819-42CC-884D-1845F4274B3E}.Debug|Any CPU.Deploy.0 = Debug|Any CPU
		{683A334A-9819-42CC-884D-1845F4274B3E}.Release|Any CPU.ActiveCfg = Release|Any CPU
		{683A334A-9819-42CC-884D-1845F4274B3E}.Release|Any CPU.Build.0 = Release|Any CPU
		{683A334A-9819-42CC-884D-1845F4274B3E}.Release|Any CPU.Deploy.0 = Release|Any CPU
		{E9D2F401-8839-4965-9E6D-AC28E844183F}.Debug|Any CPU.ActiveCfg = Debug|Any CPU
		{E9D2F401-8839-4965-9E6D-AC28E844183F}.Debug|Any CPU.Build.0 = Debug|Any CPU
		{E9D2F401-8839-4965-9E6D-AC28E844183F}.Release|Any CPU.ActiveCfg = Release|Any CPU
		{E9D2F401-8839-4965-9E6D-AC28E844183F}.Release|Any CPU.Build.0 = Release|Any CPU
	EndGlobalSection
	GlobalSection(SolutionProperties) = preSolution
		HideSolutionNode = FALSE
	EndGlobalSection
	GlobalSection(ExtensibilityGlobals) = postSolution
		SolutionGuid = {9729CFD6-10EA-47F8-90EF-D60B275071A7}
	EndGlobalSection
EndGlobal
